{
  "version": 4,
  "terraform_version": "0.12.0",
  "serial": 49,
  "lineage": "42bbccb4-58d7-7f32-a7e6-dc2646f0a0b4",
  "outputs": {},
  "resources": [
    {
      "mode": "managed",
      "type": "azurerm_network_interface",
      "name": "nic",
      "provider": "provider.azurerm",
      "instances": [
        {
          "schema_version": 0,
          "attributes": {
            "applied_dns_servers": [],
            "dns_servers": [],
            "enable_accelerated_networking": false,
            "enable_ip_forwarding": false,
            "id": "/subscriptions/8e00eb60-e4e5-4e8b-9952-a44dadeb87df/resourceGroups/myTFResourceGroup/providers/Microsoft.Network/networkInterfaces/myNIC",
            "internal_dns_name_label": "",
            "internal_fqdn": "",
            "ip_configuration": [
              {
                "application_gateway_backend_address_pools_ids": [],
                "application_security_group_ids": [],
                "load_balancer_backend_address_pools_ids": [],
                "load_balancer_inbound_nat_rules_ids": [],
                "name": "myNICConfg",
                "primary": true,
                "private_ip_address": "",
                "private_ip_address_allocation": "dynamic",
                "private_ip_address_version": "IPv4",
                "public_ip_address_id": "/subscriptions/8e00eb60-e4e5-4e8b-9952-a44dadeb87df/resourceGroups/myTFResourceGroup/providers/Microsoft.Network/publicIPAddresses/myTFPublicIP",
                "subnet_id": "/subscriptions/8e00eb60-e4e5-4e8b-9952-a44dadeb87df/resourceGroups/myTFResourceGroup/providers/Microsoft.Network/virtualNetworks/myTFVnet/subnets/myTFSubnet"
              }
            ],
            "location": "westus2",
            "mac_address": "",
            "name": "myNIC",
            "network_security_group_id": "/subscriptions/8e00eb60-e4e5-4e8b-9952-a44dadeb87df/resourceGroups/myTFResourceGroup/providers/Microsoft.Network/networkSecurityGroups/myTFNSG",
            "private_ip_address": "10.0.1.4",
            "private_ip_addresses": [
              "10.0.1.4"
            ],
            "resource_group_name": "myTFResourceGroup",
            "tags": {},
            "virtual_machine_id": null
          },
          "depends_on": [
            "azurerm_network_security_group.nsg",
            "azurerm_public_ip.publicip",
            "azurerm_resource_group.rg",
            "azurerm_subnet.subnet"
          ]
        }
      ]
    },
    {
      "mode": "managed",
      "type": "azurerm_network_security_group",
      "name": "nsg",
      "provider": "provider.azurerm",
      "instances": [
        {
          "schema_version": 0,
          "attributes": {
            "id": "/subscriptions/8e00eb60-e4e5-4e8b-9952-a44dadeb87df/resourceGroups/myTFResourceGroup/providers/Microsoft.Network/networkSecurityGroups/myTFNSG",
            "location": "westus2",
            "name": "myTFNSG",
            "resource_group_name": "myTFResourceGroup",
            "security_rule": [
              {
                "access": "Allow",
                "description": "",
                "destination_address_prefix": "*",
                "destination_address_prefixes": [],
                "destination_application_security_group_ids": [],
                "destination_port_range": "22",
                "destination_port_ranges": [],
                "direction": "Inbound",
                "name": "SSH",
                "priority": 1001,
                "protocol": "Tcp",
                "source_address_prefix": "*",
                "source_address_prefixes": [],
                "source_application_security_group_ids": [],
                "source_port_range": "*",
                "source_port_ranges": []
              }
            ],
            "tags": {}
          },
          "depends_on": [
            "azurerm_resource_group.rg"
          ]
        }
      ]
    },
    {
      "mode": "managed",
      "type": "azurerm_public_ip",
      "name": "publicip",
      "provider": "provider.azurerm",
      "instances": [
        {
          "schema_version": 0,
          "attributes": {
            "allocation_method": "Dynamic",
            "domain_name_label": null,
            "fqdn": null,
            "id": "/subscriptions/8e00eb60-e4e5-4e8b-9952-a44dadeb87df/resourceGroups/myTFResourceGroup/providers/Microsoft.Network/publicIPAddresses/myTFPublicIP",
            "idle_timeout_in_minutes": 4,
            "ip_address": "",
            "ip_version": "IPv4",
            "location": "westus2",
            "name": "myTFPublicIP",
            "public_ip_address_allocation": "Dynamic",
            "public_ip_prefix_id": null,
            "resource_group_name": "myTFResourceGroup",
            "reverse_fqdn": null,
            "sku": "Basic",
            "tags": {},
            "zones": null
          },
          "depends_on": [
            "azurerm_resource_group.rg"
          ]
        }
      ]
    },
    {
      "mode": "managed",
      "type": "azurerm_resource_group",
      "name": "rg",
      "provider": "provider.azurerm",
      "instances": [
        {
          "schema_version": 0,
          "attributes": {
            "id": "/subscriptions/8e00eb60-e4e5-4e8b-9952-a44dadeb87df/resourceGroups/myTFResourceGroup",
            "location": "westus2",
            "name": "myTFResourceGroup",
            "tags": {
              "custom_tag": "ephimeral",
              "environment": "test"
            }
          }
        }
      ]
    },
    {
      "mode": "managed",
      "type": "azurerm_subnet",
      "name": "subnet",
      "provider": "provider.azurerm",
      "instances": [
        {
          "schema_version": 0,
          "attributes": {
            "address_prefix": "10.0.1.0/24",
            "delegation": [],
            "id": "/subscriptions/8e00eb60-e4e5-4e8b-9952-a44dadeb87df/resourceGroups/myTFResourceGroup/providers/Microsoft.Network/virtualNetworks/myTFVnet/subnets/myTFSubnet",
            "ip_configurations": [],
            "name": "myTFSubnet",
            "network_security_group_id": "",
            "resource_group_name": "myTFResourceGroup",
            "route_table_id": "",
            "service_endpoints": null,
            "virtual_network_name": "myTFVnet"
          },
          "depends_on": [
            "azurerm_resource_group.rg",
            "azurerm_virtual_network.vnet"
          ]
        }
      ]
    },
    {
      "mode": "managed",
      "type": "azurerm_virtual_machine",
      "name": "vm",
      "provider": "provider.azurerm",
      "instances": [
        {
          "status": "tainted",
          "schema_version": 0,
          "attributes": {
            "availability_set_id": null,
            "boot_diagnostics": [],
            "delete_data_disks_on_termination": false,
            "delete_os_disk_on_termination": false,
            "id": "/subscriptions/8e00eb60-e4e5-4e8b-9952-a44dadeb87df/resourceGroups/myTFResourceGroup/providers/Microsoft.Compute/virtualMachines/myTFVM",
            "identity": [],
            "license_type": null,
            "location": "westus2",
            "name": "myTFVM",
            "network_interface_ids": [
              "/subscriptions/8e00eb60-e4e5-4e8b-9952-a44dadeb87df/resourceGroups/myTFResourceGroup/providers/Microsoft.Network/networkInterfaces/myNIC"
            ],
            "os_profile": [
              {
                "admin_password": "",
                "admin_username": "plankton",
                "computer_name": "myTFVM",
                "custom_data": ""
              }
            ],
            "os_profile_linux_config": [
              {
                "disable_password_authentication": true,
                "ssh_keys": [
                  {
                    "key_data": "ssh-rsa AAAAB3NzaC1yc2EAAAADAQABAAABAQClo8MANVrbTtlscAht4IiVGfT0nbcJRbTeVsjxnT3f9u+ergWRZKUkt07mvrxy/9KtOVUepMIqHjVtJhvhna/QcRoMWEyYs/u82nAW63+M3LBwdW8tBpUh6+G6zOnT49m9wNaX3EE5XPD9u//ArnpUDsw0nPv3xn4jhHMZckij++sZBnpYGjliG/0OqX8MEMWxjKvMuj98eGW2/m0QiANoLC9hi6LqnjNnxyc0RDM4fOHuGHxPWrnL6O0ugb1qqzdMlb+TVE9KYCJhQME4683Igfw8TJ6dSLJsIt/Ir63+dPab9sv8ZYh85EkGmMKxWL5jE4wOhMe9WnlC4BH2iQhh dmurga@gratefuldead",
                    "path": "/home/plankton/.ssh/authorized_keys"
                  }
                ]
              }
            ],
            "os_profile_secrets": [],
            "os_profile_windows_config": [],
            "plan": [],
            "primary_network_interface_id": null,
            "resource_group_name": "myTFResourceGroup",
            "storage_data_disk": [],
            "storage_image_reference": [
              {
                "id": "",
                "offer": "UbuntuServer",
                "publisher": "Canonical",
                "sku": "16.04.0-LTS",
                "version": "latest"
              }
            ],
            "storage_os_disk": [
              {
                "caching": "ReadWrite",
                "create_option": "FromImage",
                "disk_size_gb": 30,
                "image_uri": "",
                "managed_disk_id": "/subscriptions/8e00eb60-e4e5-4e8b-9952-a44dadeb87df/resourceGroups/myTFResourceGroup/providers/Microsoft.Compute/disks/myOsDisk",
                "managed_disk_type": "Premium_LRS",
                "name": "myOsDisk",
                "os_type": "Linux",
                "vhd_uri": "",
                "write_accelerator_enabled": false
              }
            ],
            "tags": {},
            "vm_size": "Standard_DS1_v2",
            "zones": null
          },
          "depends_on": [
            "azurerm_network_interface.nic",
            "azurerm_resource_group.rg"
          ]
        }
      ]
    },
    {
      "mode": "managed",
      "type": "azurerm_virtual_network",
      "name": "vnet",
      "provider": "provider.azurerm",
      "instances": [
        {
          "schema_version": 0,
          "attributes": {
            "address_space": [
              "10.0.0.0/16"
            ],
            "ddos_protection_plan": [],
            "dns_servers": null,
            "id": "/subscriptions/8e00eb60-e4e5-4e8b-9952-a44dadeb87df/resourceGroups/myTFResourceGroup/providers/Microsoft.Network/virtualNetworks/myTFVnet",
            "location": "westus2",
            "name": "myTFVnet",
            "resource_group_name": "myTFResourceGroup",
            "subnet": [],
            "tags": {}
          },
          "depends_on": [
            "azurerm_resource_group.rg"
          ]
        }
      ]
    }
  ]
}
